
Microsoft Visual Studio Solution File, Format Version 12.00
# Visual Studio Version 17
VisualStudioVersion = 17.14.36414.22 d17.14
MinimumVisualStudioVersion = 10.0.40219.1
Project("{FAE04EC0-301F-11D3-BF4B-00C04F79EFBC}") = "AccountsManager", "AccountsManager.csproj", "{B38067F8-CF09-5BC9-508C-AA6D0C328E16}"
EndProject
Global
	GlobalSection(SolutionConfigurationPlatforms) = preSolution
		Debug|Any CPU = Debug|Any CPU
		Release|Any CPU = Release|Any CPU
	EndGlobalSection
	GlobalSection(ProjectConfigurationPlatforms) = postSolution
		{B38067F8-CF09-5BC9-508C-AA6D0C328E16}.Debug|Any CPU.ActiveCfg = Debug|Any CPU
		{B38067F8-CF09-5BC9-508C-AA6D0C328E16}.Debug|Any CPU.Build.0 = Debug|Any CPU
		{B38067F8-CF09-5BC9-508C-AA6D0C328E16}.Release|Any CPU.ActiveCfg = Release|Any CPU
		{B38067F8-CF09-5BC9-508C-AA6D0C328E16}.Release|Any CPU.Build.0 = Release|Any CPU
	EndGlobalSection
	GlobalSection(SolutionProperties) = preSolution
		HideSolutionNode = FALSE
	EndGlobalSection
	GlobalSection(ExtensibilityGlobals) = postSolution
		SolutionGuid = {0FDF57DA-03D3-4B92-8FF0-9A12A67EAFEC}
	EndGlobalSection
EndGlobal
